// !$*UTF8*$!
{
	archiveVersion = 1;
	classes = {
	};
	objectVersion = 56;
	objects = {

/* Begin PBXBuildFile section */
		C2A63CAF28ECD5F7003F4A27 /* AppDelegate.swift in Sources */ = {isa = PBXBuildFile; fileRef = C2A63CAE28ECD5F7003F4A27 /* AppDelegate.swift */; };
		C2A63CB128ECD5F7003F4A27 /* SceneDelegate.swift in Sources */ = {isa = PBXBuildFile; fileRef = C2A63CB028ECD5F7003F4A27 /* SceneDelegate.swift */; };
		C2A63CB328ECD5F7003F4A27 /* LoginViewController.swift in Sources */ = {isa = PBXBuildFile; fileRef = C2A63CB228ECD5F7003F4A27 /* LoginViewController.swift */; };
		C2A63CB628ECD5F7003F4A27 /* Main.storyboard in Resources */ = {isa = PBXBuildFile; fileRef = C2A63CB428ECD5F7003F4A27 /* Main.storyboard */; };
		C2A63CB828ECD5F9003F4A27 /* Assets.xcassets in Resources */ = {isa = PBXBuildFile; fileRef = C2A63CB728ECD5F9003F4A27 /* Assets.xcassets */; };
		C2A63CBB28ECD5F9003F4A27 /* LaunchScreen.storyboard in Resources */ = {isa = PBXBuildFile; fileRef = C2A63CB928ECD5F9003F4A27 /* LaunchScreen.storyboard */; };
		C2A63CC328ECD646003F4A27 /* WelcomeViewController.swift in Sources */ = {isa = PBXBuildFile; fileRef = C2A63CC228ECD646003F4A27 /* WelcomeViewController.swift */; };
		C2F6706D28EDD61500BC5BF0 /* UserViewController.swift in Sources */ = {isa = PBXBuildFile; fileRef = C2F6706C28EDD61500BC5BF0 /* UserViewController.swift */; };
		C2F6707028EDEA7A00BC5BF0 /* MoreInfoViewController.swift in Sources */ = {isa = PBXBuildFile; fileRef = C2F6706F28EDEA7A00BC5BF0 /* MoreInfoViewController.swift */; };
		C2F6707528EE01ED00BC5BF0 /* User.swift in Sources */ = {isa = PBXBuildFile; fileRef = C2F6707428EE01ED00BC5BF0 /* User.swift */; };
/* End PBXBuildFile section */

/* Begin PBXFileReference section */
		C2A63CAB28ECD5F7003F4A27 /* AVApp.app */ = {isa = PBXFileReference; explicitFileType = wrapper.application; includeInIndex = 0; path = AVApp.app; sourceTree = BUILT_PRODUCTS_DIR; };
		C2A63CAE28ECD5F7003F4A27 /* AppDelegate.swift */ = {isa = PBXFileReference; lastKnownFileType = sourcecode.swift; path = AppDelegate.swift; sourceTree = "<group>"; };
		C2A63CB028ECD5F7003F4A27 /* SceneDelegate.swift */ = {isa = PBXFileReference; lastKnownFileType = sourcecode.swift; path = SceneDelegate.swift; sourceTree = "<group>"; };
		C2A63CB228ECD5F7003F4A27 /* LoginViewController.swift */ = {isa = PBXFileReference; lastKnownFileType = sourcecode.swift; path = LoginViewController.swift; sourceTree = "<group>"; };
		C2A63CB528ECD5F7003F4A27 /* Base */ = {isa = PBXFileReference; lastKnownFileType = file.storyboard; name = Base; path = Base.lproj/Main.storyboard; sourceTree = "<group>"; };
		C2A63CB728ECD5F9003F4A27 /* Assets.xcassets */ = {isa = PBXFileReference; lastKnownFileType = folder.assetcatalog; path = Assets.xcassets; sourceTree = "<group>"; };
		C2A63CBA28ECD5F9003F4A27 /* Base */ = {isa = PBXFileReference; lastKnownFileType = file.storyboard; name = Base; path = Base.lproj/LaunchScreen.storyboard; sourceTree = "<group>"; };
		C2A63CBC28ECD5F9003F4A27 /* Info.plist */ = {isa = PBXFileReference; lastKnownFileType = text.plist.xml; path = Info.plist; sourceTree = "<group>"; };
		C2A63CC228ECD646003F4A27 /* WelcomeViewController.swift */ = {isa = PBXFileReference; lastKnownFileType = sourcecode.swift; path = WelcomeViewController.swift; sourceTree = "<group>"; };
		C2F6706C28EDD61500BC5BF0 /* UserViewController.swift */ = {isa = PBXFileReference; lastKnownFileType = sourcecode.swift; path = UserViewController.swift; sourceTree = "<group>"; };
		C2F6706F28EDEA7A00BC5BF0 /* MoreInfoViewController.swift */ = {isa = PBXFileReference; lastKnownFileType = sourcecode.swift; path = MoreInfoViewController.swift; sourceTree = "<group>"; };
		C2F6707428EE01ED00BC5BF0 /* User.swift */ = {isa = PBXFileReference; lastKnownFileType = sourcecode.swift; path = User.swift; sourceTree = "<group>"; };
/* End PBXFileReference section */

/* Begin PBXFrameworksBuildPhase section */
		C2A63CA828ECD5F7003F4A27 /* Frameworks */ = {
			isa = PBXFrameworksBuildPhase;
			buildActionMask = 2147483647;
			files = (
			);
			runOnlyForDeploymentPostprocessing = 0;
		};
/* End PBXFrameworksBuildPhase section */

/* Begin PBXGroup section */
		C2A63CA228ECD5F6003F4A27 = {
			isa = PBXGroup;
			children = (
				C2A63CAD28ECD5F7003F4A27 /* AVApp */,
				C2A63CAC28ECD5F7003F4A27 /* Products */,
			);
			sourceTree = "<group>";
		};
		C2A63CAC28ECD5F7003F4A27 /* Products */ = {
			isa = PBXGroup;
			children = (
				C2A63CAB28ECD5F7003F4A27 /* AVApp.app */,
			);
			name = Products;
			sourceTree = "<group>";
		};
		C2A63CAD28ECD5F7003F4A27 /* AVApp */ = {
			isa = PBXGroup;
			children = (
				C2A63CC528ECD83F003F4A27 /* ViewControllers */,
				C2F6707628EE01F800BC5BF0 /* Models */,
				C2A63CC428ECD82C003F4A27 /* App */,
				C2A63CC628ECD856003F4A27 /* Storyboards */,
				C2A63CB728ECD5F9003F4A27 /* Assets.xcassets */,
			);
			path = AVApp;
			sourceTree = "<group>";
		};
		C2A63CC428ECD82C003F4A27 /* App */ = {
			isa = PBXGroup;
			children = (
				C2A63CAE28ECD5F7003F4A27 /* AppDelegate.swift */,
				C2A63CB028ECD5F7003F4A27 /* SceneDelegate.swift */,
				C2A63CBC28ECD5F9003F4A27 /* Info.plist */,
			);
			path = App;
			sourceTree = "<group>";
		};
		C2A63CC528ECD83F003F4A27 /* ViewControllers */ = {
			isa = PBXGroup;
			children = (
				C2A63CB228ECD5F7003F4A27 /* LoginViewController.swift */,
				C2A63CC228ECD646003F4A27 /* WelcomeViewController.swift */,
				C2F6706C28EDD61500BC5BF0 /* UserViewController.swift */,
				C2F6706F28EDEA7A00BC5BF0 /* MoreInfoViewController.swift */,
			);
			path = ViewControllers;
			sourceTree = "<group>";
		};
		C2A63CC628ECD856003F4A27 /* Storyboards */ = {
			isa = PBXGroup;
			children = (
				C2A63CB428ECD5F7003F4A27 /* Main.storyboard */,
				C2A63CB928ECD5F9003F4A27 /* LaunchScreen.storyboard */,
			);
			path = Storyboards;
			sourceTree = "<group>";
		};
		C2F6707628EE01F800BC5BF0 /* Models */ = {
			isa = PBXGroup;
			children = (
				C2F6707428EE01ED00BC5BF0 /* User.swift */,
			);
			path = Models;
			sourceTree = "<group>";
		};
/* End PBXGroup section */

/* Begin PBXNativeTarget section */
		C2A63CAA28ECD5F7003F4A27 /* AVApp */ = {
			isa = PBXNativeTarget;
			buildConfigurationList = C2A63CBF28ECD5F9003F4A27 /* Build configuration list for PBXNativeTarget "AVApp" */;
			buildPhases = (
				C2A63CA728ECD5F7003F4A27 /* Sources */,
				C2A63CA828ECD5F7003F4A27 /* Frameworks */,
				C2A63CA928ECD5F7003F4A27 /* Resources */,
			);
			buildRules = (
			);
			dependencies = (
			);
			name = AVApp;
			productName = AVApp;
			productReference = C2A63CAB28ECD5F7003F4A27 /* AVApp.app */;
			productType = "com.apple.product-type.application";
		};
/* End PBXNativeTarget section */

/* Begin PBXProject section */
		C2A63CA328ECD5F6003F4A27 /* Project object */ = {
			isa = PBXProject;
			attributes = {
				BuildIndependentTargetsInParallel = 1;
				LastSwiftUpdateCheck = 1400;
				LastUpgradeCheck = 1400;
				TargetAttributes = {
					C2A63CAA28ECD5F7003F4A27 = {
						CreatedOnToolsVersion = 14.0;
					};
				};
			};
			buildConfigurationList = C2A63CA628ECD5F6003F4A27 /* Build configuration list for PBXProject "AVApp" */;
			compatibilityVersion = "Xcode 14.0";
			developmentRegion = en;
			hasScannedForEncodings = 0;
			knownRegions = (
				en,
				Base,
			);
			mainGroup = C2A63CA228ECD5F6003F4A27;
			productRefGroup = C2A63CAC28ECD5F7003F4A27 /* Products */;
			projectDirPath = "";
			projectRoot = "";
			targets = (
				C2A63CAA28ECD5F7003F4A27 /* AVApp */,
			);
		};
/* End PBXProject section */

/* Begin PBXResourcesBuildPhase section */
		C2A63CA928ECD5F7003F4A27 /* Resources */ = {
			isa = PBXResourcesBuildPhase;
			buildActionMask = 2147483647;
			files = (
				C2A63CBB28ECD5F9003F4A27 /* LaunchScreen.storyboard in Resources */,
				C2A63CB828ECD5F9003F4A27 /* Assets.xcassets in Resources */,
				C2A63CB628ECD5F7003F4A27 /* Main.storyboard in Resources */,
			);
			runOnlyForDeploymentPostprocessing = 0;
		};
/* End PBXResourcesBuildPhase section */

/* Begin PBXSourcesBuildPhase section */
		C2A63CA728ECD5F7003F4A27 /* Sources */ = {
			isa = PBXSourcesBuildPhase;
			buildActionMask = 2147483647;
			files = (
				C2A63CB328ECD5F7003F4A27 /* LoginViewController.swift in Sources */,
				C2A63CC328ECD646003F4A27 /* WelcomeViewController.swift in Sources */,
				C2A63CAF28ECD5F7003F4A27 /* AppDelegate.swift in Sources */,
				C2F6707028EDEA7A00BC5BF0 /* MoreInfoViewController.swift in Sources */,
				C2A63CB128ECD5F7003F4A27 /* SceneDelegate.swift in Sources */,
				C2F6706D28EDD61500BC5BF0 /* UserViewController.swift in Sources */,
				C2F6707528EE01ED00BC5BF0 /* User.swift in Sources */,
			);
			runOnlyForDeploymentPostprocessing = 0;
		};
/* End PBXSourcesBuildPhase section */

/* Begin PBXVariantGroup section */
		C2A63CB428ECD5F7003F4A27 /* Main.storyboard */ = {
			isa = PBXVariantGroup;
			children = (
				C2A63CB528ECD5F7003F4A27 /* Base */,
			);
			name = Main.storyboard;
			sourceTree = "<group>";
		};
		C2A63CB928ECD5F9003F4A27 /* LaunchScreen.storyboard */ = {
			isa = PBXVariantGroup;
			children = (
				C2A63CBA28ECD5F9003F4A27 /* Base */,
			);
			name = LaunchScreen.storyboard;
			sourceTree = "<group>";
		};
/* End PBXVariantGroup section */

/* Begin XCBuildConfiguration section */
		C2A63CBD28ECD5F9003F4A27 /* Debug */ = {
			isa = XCBuildConfiguration;
			buildSettings = {
				ALWAYS_SEARCH_USER_PATHS = NO;
				CLANG_ANALYZER_NONNULL = YES;
				CLANG_ANALYZER_NUMBER_OBJECT_CONVERSION = YES_AGGRESSIVE;
				CLANG_CXX_LANGUAGE_STANDARD = "gnu++20";
				CLANG_ENABLE_MODULES = YES;
				CLANG_ENABLE_OBJC_ARC = YES;
				CLANG_ENABLE_OBJC_WEAK = YES;
				CLANG_WARN_BLOCK_CAPTURE_AUTORELEASING = YES;
				CLANG_WARN_BOOL_CONVERSION = YES;
				CLANG_WARN_COMMA = YES;
				CLANG_WARN_CONSTANT_CONVERSION = YES;
				CLANG_WARN_DEPRECATED_OBJC_IMPLEMENTATIONS = YES;
				CLANG_WARN_DIRECT_OBJC_ISA_USAGE = YES_ERROR;
				CLANG_WARN_DOCUMENTATION_COMMENTS = YES;
				CLANG_WARN_EMPTY_BODY = YES;
				CLANG_WARN_ENUM_CONVERSION = YES;
				CLANG_WARN_INFINITE_RECURSION = YES;
				CLANG_WARN_INT_CONVERSION = YES;
				CLANG_WARN_NON_LITERAL_NULL_CONVERSION = YES;
				CLANG_WARN_OBJC_IMPLICIT_RETAIN_SELF = YES;
				CLANG_WARN_OBJC_LITERAL_CONVERSION = YES;
				CLANG_WARN_OBJC_ROOT_CLASS = YES_ERROR;
				CLANG_WARN_QUOTED_INCLUDE_IN_FRAMEWORK_HEADER = YES;
				CLANG_WARN_RANGE_LOOP_ANALYSIS = YES;
				CLANG_WARN_STRICT_PROTOTYPES = YES;
				CLANG_WARN_SUSPICIOUS_MOVE = YES;
				CLANG_WARN_UNGUARDED_AVAILABILITY = YES_AGGRESSIVE;
				CLANG_WARN_UNREACHABLE_CODE = YES;
				CLANG_WARN__DUPLICATE_METHOD_MATCH = YES;
				COPY_PHASE_STRIP = NO;
				DEBUG_INFORMATION_FORMAT = dwarf;
				ENABLE_STRICT_OBJC_MSGSEND = YES;
				ENABLE_TESTABILITY = YES;
				GCC_C_LANGUAGE_STANDARD = gnu11;
				GCC_DYNAMIC_NO_PIC = NO;
				GCC_NO_COMMON_BLOCKS = YES;
				GCC_OPTIMIZATION_LEVEL = 0;
				GCC_PREPROCESSOR_DEFINITIONS = (
					"DEBUG=1",
					"$(inherited)",
				);
				GCC_WARN_64_TO_32_BIT_CONVERSION = YES;
				GCC_WARN_ABOUT_RETURN_TYPE = YES_ERROR;
				GCC_WARN_UNDECLARED_SELECTOR = YES;
				GCC_WARN_UNINITIALIZED_AUTOS = YES_AGGRESSIVE;
				GCC_WARN_UNUSED_FUNCTION = YES;
				GCC_WARN_UNUSED_VARIABLE = YES;
				IPHONEOS_DEPLOYMENT_TARGET = 16.0;
				MTL_ENABLE_DEBUG_INFO = INCLUDE_SOURCE;
				MTL_FAST_MATH = YES;
				ONLY_ACTIVE_ARCH = YES;
				SDKROOT = iphoneos;
				SWIFT_ACTIVE_COMPILATION_CONDITIONS = DEBUG;
				SWIFT_OPTIMIZATION_LEVEL = "-Onone";
			};
			name = Debug;
		};
		C2A63CBE28ECD5F9003F4A27 /* Release */ = {
			isa = XCBuildConfiguration;
			buildSettings = {
				ALWAYS_SEARCH_USER_PATHS = NO;
				CLANG_ANALYZER_NONNULL = YES;
				CLANG_ANALYZER_NUMBER_OBJECT_CONVERSION = YES_AGGRESSIVE;
				CLANG_CXX_LANGUAGE_STANDARD = "gnu++20";
				CLANG_ENABLE_MODULES = YES;
				CLANG_ENABLE_OBJC_ARC = YES;
				CLANG_ENABLE_OBJC_WEAK = YES;
				CLANG_WARN_BLOCK_CAPTURE_AUTORELEASING = YES;
				CLANG_WARN_BOOL_CONVERSION = YES;
				CLANG_WARN_COMMA = YES;
				CLANG_WARN_CONSTANT_CONVERSION = YES;
				CLANG_WARN_DEPRECATED_OBJC_IMPLEMENTATIONS = YES;
				CLANG_WARN_DIRECT_OBJC_ISA_USAGE = YES_ERROR;
				CLANG_WARN_DOCUMENTATION_COMMENTS = YES;
				CLANG_WARN_EMPTY_BODY = YES;
				CLANG_WARN_ENUM_CONVERSION = YES;
				CLANG_WARN_INFINITE_RECURSION = YES;
				CLANG_WARN_INT_CONVERSION = YES;
				CLANG_WARN_NON_LITERAL_NULL_CONVERSION = YES;
				CLANG_WARN_OBJC_IMPLICIT_RETAIN_SELF = YES;
				CLANG_WARN_OBJC_LITERAL_CONVERSION = YES;
				CLANG_WARN_OBJC_ROOT_CLASS = YES_ERROR;
				CLANG_WARN_QUOTED_INCLUDE_IN_FRAMEWORK_HEADER = YES;
				CLANG_WARN_RANGE_LOOP_ANALYSIS = YES;
				CLANG_WARN_STRICT_PROTOTYPES = YES;
				CLANG_WARN_SUSPICIOUS_MOVE = YES;
				CLANG_WARN_UNGUARDED_AVAILABILITY = YES_AGGRESSIVE;
				CLANG_WARN_UNREACHABLE_CODE = YES;
				CLANG_WARN__DUPLICATE_METHOD_MATCH = YES;
				COPY_PHASE_STRIP = NO;
				DEBUG_INFORMATION_FORMAT = "dwarf-with-dsym";
				ENABLE_NS_ASSERTIONS = NO;
				ENABLE_STRICT_OBJC_MSGSEND = YES;
				GCC_C_LANGUAGE_STANDARD = gnu11;
				GCC_NO_COMMON_BLOCKS = YES;
				GCC_WARN_64_TO_32_BIT_CONVERSION = YES;
				GCC_WARN_ABOUT_RETURN_TYPE = YES_ERROR;
				GCC_WARN_UNDECLARED_SELECTOR = YES;
				GCC_WARN_UNINITIALIZED_AUTOS = YES_AGGRESSIVE;
				GCC_WARN_UNUSED_FUNCTION = YES;
				GCC_WARN_UNUSED_VARIABLE = YES;
				IPHONEOS_DEPLOYMENT_TARGET = 16.0;
				MTL_ENABLE_DEBUG_INFO = NO;
				MTL_FAST_MATH = YES;
				SDKROOT = iphoneos;
				SWIFT_COMPILATION_MODE = wholemodule;
				SWIFT_OPTIMIZATION_LEVEL = "-O";
				VALIDATE_PRODUCT = YES;
			};
			name = Release;
		};
		C2A63CC028ECD5F9003F4A27 /* Debug */ = {
			isa = XCBuildConfiguration;
			buildSettings = {
				ASSETCATALOG_COMPILER_APPICON_NAME = AppIcon;
				ASSETCATALOG_COMPILER_GLOBAL_ACCENT_COLOR_NAME = AccentColor;
				CODE_SIGN_STYLE = Automatic;
				CURRENT_PROJECT_VERSION = 1;
				DEVELOPMENT_TEAM = Z69HT693PK;
				GENERATE_INFOPLIST_FILE = YES;
				INFOPLIST_FILE = AVApp/App/info.plist;
				INFOPLIST_KEY_UIApplicationSupportsIndirectInputEvents = YES;
				INFOPLIST_KEY_UILaunchStoryboardName = LaunchScreen;
				INFOPLIST_KEY_UIMainStoryboardFile = Main;
				INFOPLIST_KEY_UISupportedInterfaceOrientations = UIInterfaceOrientationPortrait;
				INFOPLIST_KEY_UISupportedInterfaceOrientations_iPad = "UIInterfaceOrientationLandscapeLeft UIInterfaceOrientationLandscapeRight UIInterfaceOrientationPortrait UIInterfaceOrientationPortraitUpsideDown";
				LD_RUNPATH_SEARCH_PATHS = (
					"$(inherited)",
					"@executable_path/Frameworks",
				);
				MARKETING_VERSION = 1.0;
				PRODUCT_BUNDLE_IDENTIFIER = com.artvs18.AVApp;
				PRODUCT_NAME = "$(TARGET_NAME)";
				SUPPORTED_PLATFORMS = "iphoneos iphonesimulator";
				SUPPORTS_MACCATALYST = NO;
				SUPPORTS_MAC_DESIGNED_FOR_IPHONE_IPAD = NO;
				SWIFT_EMIT_LOC_STRINGS = YES;
				SWIFT_VERSION = 5.0;
				TARGETED_DEVICE_FAMILY = 1;
			};
			name = Debug;
		};
		C2A63CC128ECD5F9003F4A27 /* Release */ = {
			isa = XCBuildConfiguration;
			buildSettings = {
				ASSETCATALOG_COMPILER_APPICON_NAME = AppIcon;
				ASSETCATALOG_COMPILER_GLOBAL_ACCENT_COLOR_NAME = AccentColor;
				CODE_SIGN_STYLE = Automatic;
				CURRENT_PROJECT_VERSION = 1;
				DEVELOPMENT_TEAM = Z69HT693PK;
				GENERATE_INFOPLIST_FILE = YES;
				INFOPLIST_FILE = AVApp/App/info.plist;
				INFOPLIST_KEY_UIApplicationSupportsIndirectInputEvents = YES;
				INFOPLIST_KEY_UILaunchStoryboardName = LaunchScreen;
				INFOPLIST_KEY_UIMainStoryboardFile = Main;
				INFOPLIST_KEY_UISupportedInterfaceOrientations = UIInterfaceOrientationPortrait;
				INFOPLIST_KEY_UISupportedInterfaceOrientations_iPad = "UIInterfaceOrientationLandscapeLeft UIInterfaceOrientationLandscapeRight UIInterfaceOrientationPortrait UIInterfaceOrientationPortraitUpsideDown";
				LD_RUNPATH_SEARCH_PATHS = (
					"$(inherited)",
					"@executable_path/Frameworks",
				);
				MARKETING_VERSION = 1.0;
				PRODUCT_BUNDLE_IDENTIFIER = com.artvs18.AVApp;
				PRODUCT_NAME = "$(TARGET_NAME)";
				SUPPORTED_PLATFORMS = "iphoneos iphonesimulator";
				SUPPORTS_MACCATALYST = NO;
				SUPPORTS_MAC_DESIGNED_FOR_IPHONE_IPAD = NO;
				SWIFT_EMIT_LOC_STRINGS = YES;
				SWIFT_VERSION = 5.0;
				TARGETED_DEVICE_FAMILY = 1;
			};
			name = Release;
		};
/* End XCBuildConfiguration section */

/* Begin XCConfigurationList section */
		C2A63CA628ECD5F6003F4A27 /* Build configuration list for PBXProject "AVApp" */ = {
			isa = XCConfigurationList;
			buildConfigurations = (
				C2A63CBD28ECD5F9003F4A27 /* Debug */,
				C2A63CBE28ECD5F9003F4A27 /* Release */,
			);
			defaultConfigurationIsVisible = 0;
			defaultConfigurationName = Release;
		};
		C2A63CBF28ECD5F9003F4A27 /* Build configuration list for PBXNativeTarget "AVApp" */ = {
			isa = XCConfigurationList;
			buildConfigurations = (
				C2A63CC028ECD5F9003F4A27 /* Debug */,
				C2A63CC128ECD5F9003F4A27 /* Release */,
			);
			defaultConfigurationIsVisible = 0;
			defaultConfigurationName = Release;
		};
/* End XCConfigurationList section */
	};
	rootObject = C2A63CA328ECD5F6003F4A27 /* Project object */;
}
